github.com/NoSkillGirl/user-service v0.0.0-20200107122605-a26b313feca7 h1:/IP+C+dgKRp02PJEBE/eaCzA/l5eAKax24IMAlOULGY=
github.com/NoSkillGirl/user-service v0.0.0-20200107122605-a26b313feca7/go.mod h1:r4F3hkuOBbinIeaYwPhsviiaM293Xiq4hp9gTv1ktII=
github.com/go-sql-driver/mysql v1.4.1 h1:g24URVg0OFbNUTx9qqY1IRZ9D9z3iPyi5zKhQZpNwpA=
github.com/go-sql-driver/mysql v1.4.1/go.mod h1:zAC/RDZ24gD3HViQzih4MyKcchzm+sOG5ZlKdlhCg5w=
github.com/go-sql-driver/mysql v1.5.0 h1:ozyZYNQW3x3HtqT1jira07DN2PArx2v7/mN66gGcHOs=
github.com/go-sql-driver/mysql v1.5.0/go.mod h1:DCzpHaOWr8IXmIStZouvnhqoel9Qv2LBy8hT2VhHyBg=
